
Microsoft Visual Studio Solution File, Format Version 12.00
# Visual Studio 2015
Project("{FAE04EC0-301F-11D3-BF4B-00C04F79EFBC}") = "ProjetAbyss.CSharp", "ProjetAbyss.CSharp.csproj", "{44CC7B38-8CA8-D0D4-F11A-FA46BA7FCE47}"
EndProject
Project("{FAE04EC0-301F-11D3-BF4B-00C04F79EFBC}") = "ProjetAbyss.CSharp.Editor", "ProjetAbyss.CSharp.Editor.csproj", "{3E5A8AF2-C6CC-7749-CBF1-B63F45AD9400}"
EndProject
Global
	GlobalSection(SolutionConfigurationPlatforms) = preSolution
		Debug|Any CPU = Debug|Any CPU
		Release|Any CPU = Release|Any CPU
	EndGlobalSection
	GlobalSection(ProjectConfigurationPlatforms) = postSolution
		{44CC7B38-8CA8-D0D4-F11A-FA46BA7FCE47}.Debug|Any CPU.ActiveCfg = Debug|Any CPU
		{44CC7B38-8CA8-D0D4-F11A-FA46BA7FCE47}.Debug|Any CPU.Build.0 = Debug|Any CPU
		{44CC7B38-8CA8-D0D4-F11A-FA46BA7FCE47}.Release|Any CPU.ActiveCfg = Release|Any CPU
		{44CC7B38-8CA8-D0D4-F11A-FA46BA7FCE47}.Release|Any CPU.Build.0 = Release|Any CPU
		{3E5A8AF2-C6CC-7749-CBF1-B63F45AD9400}.Debug|Any CPU.ActiveCfg = Debug|Any CPU
		{3E5A8AF2-C6CC-7749-CBF1-B63F45AD9400}.Debug|Any CPU.Build.0 = Debug|Any CPU
		{3E5A8AF2-C6CC-7749-CBF1-B63F45AD9400}.Release|Any CPU.ActiveCfg = Release|Any CPU
		{3E5A8AF2-C6CC-7749-CBF1-B63F45AD9400}.Release|Any CPU.Build.0 = Release|Any CPU
	EndGlobalSection
	GlobalSection(SolutionProperties) = preSolution
		HideSolutionNode = FALSE
	EndGlobalSection
EndGlobal
